<?xml version="1.0" encoding="utf-8"?>
<Project ToolsVersion="4.0" xmlns="http://schemas.microsoft.com/developer/msbuild/2003">
  <ItemGroup>
    <Filter Include="소스 파일">
      <UniqueIdentifier>{4FC737F1-C7A5-4376-A066-2A32D752A2FF}</UniqueIdentifier>
      <Extensions>cpp;c;cc;cxx;c++;cppm;ixx;def;odl;idl;hpj;bat;asm;asmx</Extensions>
    </Filter>
    <Filter Include="헤더 파일">
      <UniqueIdentifier>{93995380-89BD-4b04-88EB-625FBE52EBFB}</UniqueIdentifier>
      <Extensions>h;hh;hpp;hxx;h++;hm;inl;inc;ipp;xsd</Extensions>
    </Filter>
    <Filter Include="리소스 파일">
      <UniqueIdentifier>{67DA6AB6-F800-4c08-8B7A-83BB121AAD01}</UniqueIdentifier>
      <Extensions>rc;ico;cur;bmp;dlg;rc2;rct;bin;rgs;gif;jpg;jpeg;jpe;resx;tiff;tif;png;wav;mfcribbon-ms</Extensions>
    </Filter>
    <Filter Include="Tokenizer">
      <UniqueIdentifier>{1a2b3c4d-0001-4a1a-9c1a-000000000001}</UniqueIdentifier>
    </Filter>
    <Filter Include="Assembler">
      <UniqueIdentifier>{1a2b3c4d-0002-4a1a-9c1a-000000000002}</UniqueIdentifier>
    </Filter>
    <Filter Include="Checker">
      <UniqueIdentifier>{1a2b3c4d-0003-4a1a-9c1a-000000000003}</UniqueIdentifier>
    </Filter>
    <Filter Include="Executor">
      <UniqueIdentifier>{1a2b3c4d-0004-4a1a-9c1a-000000000004}</UniqueIdentifier>
    </Filter>
    <Filter Include="Shell">
      <UniqueIdentifier>{1a2b3c4d-0005-4a1a-9c1a-000000000005}</UniqueIdentifier>
    </Filter>
  </ItemGroup>
  <ItemGroup>
    <None Include="packages.config" />
  </ItemGroup>
  <ItemGroup>
    <ClCompile Include="Tokenizer\Tokenizer.cpp">
      <Filter>Tokenizer</Filter>
    </ClCompile>
    <ClCompile Include="Tokenizer\TokenizerTest.cpp">
      <Filter>Tokenizer</Filter>
    </ClCompile>
    <ClCompile Include="Assembler\Assembler.cpp">
      <Filter>Assembler</Filter>
    </ClCompile>
    <ClCompile Include="Assembler\AssemblerTest.cpp">
      <Filter>Assembler</Filter>
    </ClCompile>
    <ClCompile Include="Assembler\FileSourceReader.cpp">
      <Filter>Assembler</Filter>
    </ClCompile>
    <ClCompile Include="Checker\Checker.cpp">
      <Filter>Checker</Filter>
    </ClCompile>
    <ClCompile Include="Checker\CheckerTest.cpp">
      <Filter>Checker</Filter>
    </ClCompile>
    <ClCompile Include="Executor\Executor.cpp">
      <Filter>Executor</Filter>
    </ClCompile>
    <ClCompile Include="Executor\ExecutorTest.cpp">
      <Filter>Executor</Filter>
    </ClCompile>
    <ClCompile Include="Executor\ExecutorVariableTest.cpp">
      <Filter>Executor</Filter>
    </ClCompile>
    <ClCompile Include="Executor\ExecutorControlFlowTest.cpp">
      <Filter>Executor</Filter>
    </ClCompile>
    <ClCompile Include="Executor\ExecutorFunctionTest.cpp">
      <Filter>Executor</Filter>
    </ClCompile>
    <ClCompile Include="Executor\ExecutorClassTest.cpp">
      <Filter>Executor</Filter>
    </ClCompile>
    <ClCompile Include="Executor\ExecutorArrayTest.cpp">
      <Filter>Executor</Filter>
    </ClCompile>
    <ClCompile Include="Executor\ExecutorImportTest.cpp">
      <Filter>Executor</Filter>
    </ClCompile>
    <ClCompile Include="Executor\Value.cpp">
      <Filter>Executor</Filter>
    </ClCompile>
    <ClCompile Include="Executor\Environment.cpp">
      <Filter>Executor</Filter>
    </ClCompile>
    <ClCompile Include="Executor\Scope.cpp">
      <Filter>Executor</Filter>
    </ClCompile>
    <ClCompile Include="Executor\EnvironmentTest.cpp">
      <Filter>Executor</Filter>
    </ClCompile>
    <ClCompile Include="Shell\main.cpp">
      <Filter>Shell</Filter>
    </ClCompile>
    <ClCompile Include="Shell\RunPromptShell.cpp">
      <Filter>Shell</Filter>
    </ClCompile>
    <ClCompile Include="Shell\RunPromptShellTest.cpp">
      <Filter>Shell</Filter>
    </ClCompile>
  </ItemGroup>
  <ItemGroup>
    <ClInclude Include="Tokenizer\Token.h">
      <Filter>Tokenizer</Filter>
    </ClInclude>
    <ClInclude Include="Tokenizer\Tokenizer.h">
      <Filter>Tokenizer</Filter>
    </ClInclude>
    <ClInclude Include="Tokenizer\TokenizeInterface.h">
      <Filter>Tokenizer</Filter>
    </ClInclude>
    <ClInclude Include="Assembler\SyntaxTree.h">
      <Filter>Assembler</Filter>
    </ClInclude>
    <ClInclude Include="Assembler\AssemblerInterface.h">
      <Filter>Assembler</Filter>
    </ClInclude>
    <ClInclude Include="Assembler\Assembler.h">
      <Filter>Assembler</Filter>
    </ClInclude>
    <ClInclude Include="Assembler\SourceReaderInterface.h">
      <Filter>Assembler</Filter>
    </ClInclude>
    <ClInclude Include="Assembler\FileSourceReader.h">
      <Filter>Assembler</Filter>
    </ClInclude>
    <ClInclude Include="Checker\CheckerInterface.h">
      <Filter>Checker</Filter>
    </ClInclude>
    <ClInclude Include="Checker\Checker.h">
      <Filter>Checker</Filter>
    </ClInclude>
    <ClInclude Include="Executor\ExecuteInterface.h">
      <Filter>Executor</Filter>
    </ClInclude>
    <ClInclude Include="Executor\Executor.h">
      <Filter>Executor</Filter>
    </ClInclude>
    <ClInclude Include="Executor\Value.h">
      <Filter>Executor</Filter>
    </ClInclude>
    <ClInclude Include="Executor\InstanceValue.h">
      <Filter>Executor</Filter>
    </ClInclude>
    <ClInclude Include="Executor\ArrayValue.h">
      <Filter>Executor</Filter>
    </ClInclude>
    <ClInclude Include="Executor\Environment.h">
      <Filter>Executor</Filter>
    </ClInclude>
    <ClInclude Include="Executor\Scope.h">
      <Filter>Executor</Filter>
    </ClInclude>
    <ClInclude Include="Shell\RunPromptShell.h">
      <Filter>Shell</Filter>
    </ClInclude>
  </ItemGroup>
</Project>
